
Microsoft Visual Studio Solution File, Format Version 12.00
# Visual Studio Version 17
VisualStudioVersion = 17.14.36221.1 d17.14
MinimumVisualStudioVersion = 10.0.40219.1
Project("{FAE04EC0-301F-11D3-BF4B-00C04F79EFBC}") = "WebApplication1", "WebApplication1\WebApplication1.csproj", "{5226A7F6-B8C9-43B5-A55C-6C8F27F4AD0E}"
EndProject
Global
	GlobalSection(SolutionConfigurationPlatforms) = preSolution
		Debug|Any CPU = Debug|Any CPU
		Release|Any CPU = Release|Any CPU
	EndGlobalSection
	GlobalSection(ProjectConfigurationPlatforms) = postSolution
		{5226A7F6-B8C9-43B5-A55C-6C8F27F4AD0E}.Debug|Any CPU.ActiveCfg = Debug|Any CPU
		{5226A7F6-B8C9-43B5-A55C-6C8F27F4AD0E}.Debug|Any CPU.Build.0 = Debug|Any CPU
		{5226A7F6-B8C9-43B5-A55C-6C8F27F4AD0E}.Release|Any CPU.ActiveCfg = Release|Any CPU
		{5226A7F6-B8C9-43B5-A55C-6C8F27F4AD0E}.Release|Any CPU.Build.0 = Release|Any CPU
	EndGlobalSection
	GlobalSection(SolutionProperties) = preSolution
		HideSolutionNode = FALSE
	EndGlobalSection
	GlobalSection(ExtensibilityGlobals) = postSolution
		SolutionGuid = {93E116E0-F0AE-4371-8BBA-98001BF9579A}
	EndGlobalSection
EndGlobal
